<?xml version="1.0" encoding="utf-8"?>
<Project ToolsVersion="4.0" xmlns="http://schemas.microsoft.com/developer/msbuild/2003">
  <ItemGroup>
    <Filter Include="src">
      <UniqueIdentifier>{4FC737F1-C7A5-4376-A066-2A32D752A2FF}</UniqueIdentifier>
      <Extensions>cpp;c;cc;cxx;def;odl;idl;hpj;bat;asm;asmx</Extensions>
    </Filter>
  </ItemGroup>
  <ItemGroup>
    <Text Include="ReadMe.txt" />
  </ItemGroup>
  <ItemGroup>
    <ClCompile Include="..\..\src\ext\libevent-2.0.22-stable\arc4random.c">
      <Filter>src</Filter>
    </ClCompile>
    <ClCompile Include="..\..\src\ext\libevent-2.0.22-stable\buffer.c">
      <Filter>src</Filter>
    </ClCompile>
    <ClCompile Include="..\..\src\ext\libevent-2.0.22-stable\buffer_iocp.c">
      <Filter>src</Filter>
    </ClCompile>
    <ClCompile Include="..\..\src\ext\libevent-2.0.22-stable\bufferevent.c">
      <Filter>src</Filter>
    </ClCompile>
    <ClCompile Include="..\..\src\ext\libevent-2.0.22-stable\bufferevent_async.c">
      <Filter>src</Filter>
    </ClCompile>
    <ClCompile Include="..\..\src\ext\libevent-2.0.22-stable\bufferevent_filter.c">
      <Filter>src</Filter>
    </ClCompile>
    <ClCompile Include="..\..\src\ext\libevent-2.0.22-stable\bufferevent_pair.c">
      <Filter>src</Filter>
    </ClCompile>
    <ClCompile Include="..\..\src\ext\libevent-2.0.22-stable\bufferevent_ratelim.c">
      <Filter>src</Filter>
    </ClCompile>
    <ClCompile Include="..\..\src\ext\libevent-2.0.22-stable\bufferevent_sock.c">
      <Filter>src</Filter>
    </ClCompile>
    <ClCompile Include="..\..\src\ext\libevent-2.0.22-stable\evdns.c">
      <Filter>src</Filter>
    </ClCompile>
    <ClCompile Include="..\..\src\ext\libevent-2.0.22-stable\event.c">
      <Filter>src</Filter>
    </ClCompile>
    <ClCompile Include="..\..\src\ext\libevent-2.0.22-stable\event_iocp.c">
      <Filter>src</Filter>
    </ClCompile>
    <ClCompile Include="..\..\src\ext\libevent-2.0.22-stable\event_tagging.c">
      <Filter>src</Filter>
    </ClCompile>
    <ClCompile Include="..\..\src\ext\libevent-2.0.22-stable\evmap.c">
      <Filter>src</Filter>
    </ClCompile>
    <ClCompile Include="..\..\src\ext\libevent-2.0.22-stable\evrpc.c">
      <Filter>src</Filter>
    </ClCompile>
    <ClCompile Include="..\..\src\ext\libevent-2.0.22-stable\evthread.c">
      <Filter>src</Filter>
    </ClCompile>
    <ClCompile Include="..\..\src\ext\libevent-2.0.22-stable\evthread_win32.c">
      <Filter>src</Filter>
    </ClCompile>
    <ClCompile Include="..\..\src\ext\libevent-2.0.22-stable\evutil.c">
      <Filter>src</Filter>
    </ClCompile>
    <ClCompile Include="..\..\src\ext\libevent-2.0.22-stable\evutil_rand.c">
      <Filter>src</Filter>
    </ClCompile>
    <ClCompile Include="..\..\src\ext\libevent-2.0.22-stable\http.c">
      <Filter>src</Filter>
    </ClCompile>
    <ClCompile Include="..\..\src\ext\libevent-2.0.22-stable\listener.c">
      <Filter>src</Filter>
    </ClCompile>
    <ClCompile Include="..\..\src\ext\libevent-2.0.22-stable\log.c">
      <Filter>src</Filter>
    </ClCompile>
    <ClCompile Include="..\..\src\ext\libevent-2.0.22-stable\signal.c">
      <Filter>src</Filter>
    </ClCompile>
    <ClCompile Include="..\..\src\ext\libevent-2.0.22-stable\strlcpy.c">
      <Filter>src</Filter>
    </ClCompile>
    <ClCompile Include="..\..\src\ext\libevent-2.0.22-stable\win32select.c">
      <Filter>src</Filter>
    </ClCompile>
  </ItemGroup>
  <ItemGroup>
    <ClInclude Include="..\..\src\ext\libevent-2.0.22-stable\bufferevent-internal.h">
      <Filter>src</Filter>
    </ClInclude>
    <ClInclude Include="..\..\src\ext\libevent-2.0.22-stable\changelist-internal.h">
      <Filter>src</Filter>
    </ClInclude>
    <ClInclude Include="..\..\src\ext\libevent-2.0.22-stable\defer-internal.h">
      <Filter>src</Filter>
    </ClInclude>
    <ClInclude Include="..\..\src\ext\libevent-2.0.22-stable\evbuffer-internal.h">
      <Filter>src</Filter>
    </ClInclude>
    <ClInclude Include="..\..\src\ext\libevent-2.0.22-stable\evdns.h">
      <Filter>src</Filter>
    </ClInclude>
    <ClInclude Include="..\..\src\ext\libevent-2.0.22-stable\event.h">
      <Filter>src</Filter>
    </ClInclude>
    <ClInclude Include="..\..\src\ext\libevent-2.0.22-stable\event-internal.h">
      <Filter>src</Filter>
    </ClInclude>
    <ClInclude Include="..\..\src\ext\libevent-2.0.22-stable\evhttp.h">
      <Filter>src</Filter>
    </ClInclude>
    <ClInclude Include="..\..\src\ext\libevent-2.0.22-stable\evmap-internal.h">
      <Filter>src</Filter>
    </ClInclude>
    <ClInclude Include="..\..\src\ext\libevent-2.0.22-stable\evrpc.h">
      <Filter>src</Filter>
    </ClInclude>
    <ClInclude Include="..\..\src\ext\libevent-2.0.22-stable\evrpc-internal.h">
      <Filter>src</Filter>
    </ClInclude>
    <ClInclude Include="..\..\src\ext\libevent-2.0.22-stable\evsignal-internal.h">
      <Filter>src</Filter>
    </ClInclude>
    <ClInclude Include="..\..\src\ext\libevent-2.0.22-stable\evthread-internal.h">
      <Filter>src</Filter>
    </ClInclude>
    <ClInclude Include="..\..\src\ext\libevent-2.0.22-stable\evutil.h">
      <Filter>src</Filter>
    </ClInclude>
    <ClInclude Include="..\..\src\ext\libevent-2.0.22-stable\ht-internal.h">
      <Filter>src</Filter>
    </ClInclude>
    <ClInclude Include="..\..\src\ext\libevent-2.0.22-stable\http-internal.h">
      <Filter>src</Filter>
    </ClInclude>
    <ClInclude Include="..\..\src\ext\libevent-2.0.22-stable\iocp-internal.h">
      <Filter>src</Filter>
    </ClInclude>
    <ClInclude Include="..\..\src\ext\libevent-2.0.22-stable\ipv6-internal.h">
      <Filter>src</Filter>
    </ClInclude>
    <ClInclude Include="..\..\src\ext\libevent-2.0.22-stable\log-internal.h">
      <Filter>src</Filter>
    </ClInclude>
    <ClInclude Include="..\..\src\ext\libevent-2.0.22-stable\minheap-internal.h">
      <Filter>src</Filter>
    </ClInclude>
    <ClInclude Include="..\..\src\ext\libevent-2.0.22-stable\mm-internal.h">
      <Filter>src</Filter>
    </ClInclude>
    <ClInclude Include="..\..\src\ext\libevent-2.0.22-stable\ratelim-internal.h">
      <Filter>src</Filter>
    </ClInclude>
    <ClInclude Include="..\..\src\ext\libevent-2.0.22-stable\strlcpy-internal.h">
      <Filter>src</Filter>
    </ClInclude>
    <ClInclude Include="..\..\src\ext\libevent-2.0.22-stable\util-internal.h">
      <Filter>src</Filter>
    </ClInclude>
    <ClInclude Include="..\..\src\ext\libevent-2.0.22-stable\compat\sys\queue.h">
      <Filter>src</Filter>
    </ClInclude>
  </ItemGroup>
</Project>